
Microsoft Visual Studio Solution File, Format Version 12.00
# Visual Studio Version 17
VisualStudioVersion = 17.14.36705.20 d17.14
MinimumVisualStudioVersion = 10.0.40219.1
Project("{FAE04EC0-301F-11D3-BF4B-00C04F79EFBC}") = "LyonSession3WinForm", "LyonSession3WinForm\LyonSession3WinForm.csproj", "{37D01D5C-7F35-4E5B-A19F-165D45FB87EB}"
EndProject
Global
	GlobalSection(SolutionConfigurationPlatforms) = preSolution
		Debug|Any CPU = Debug|Any CPU
		Release|Any CPU = Release|Any CPU
	EndGlobalSection
	GlobalSection(ProjectConfigurationPlatforms) = postSolution
		{37D01D5C-7F35-4E5B-A19F-165D45FB87EB}.Debug|Any CPU.ActiveCfg = Debug|Any CPU
		{37D01D5C-7F35-4E5B-A19F-165D45FB87EB}.Debug|Any CPU.Build.0 = Debug|Any CPU
		{37D01D5C-7F35-4E5B-A19F-165D45FB87EB}.Release|Any CPU.ActiveCfg = Release|Any CPU
		{37D01D5C-7F35-4E5B-A19F-165D45FB87EB}.Release|Any CPU.Build.0 = Release|Any CPU
	EndGlobalSection
	GlobalSection(SolutionProperties) = preSolution
		HideSolutionNode = FALSE
	EndGlobalSection
	GlobalSection(ExtensibilityGlobals) = postSolution
		SolutionGuid = {0B1E3C18-9C53-42D3-B95C-B1B10ED89FF2}
	EndGlobalSection
EndGlobal
